
Microsoft Visual Studio Solution File, Format Version 11.00
# Visual Studio 2010
Project("{F184B08F-C81C-45F6-A57F-5ABD9991F28F}") = "ERS", "ERS\ERS.vbproj", "{370F6DA1-AC20-4FFA-8509-F24CD20912E6}"
EndProject
Global
	GlobalSection(SolutionConfigurationPlatforms) = preSolution
		Debug|Any CPU = Debug|Any CPU
		Release|Any CPU = Release|Any CPU
	EndGlobalSection
	GlobalSection(ProjectConfigurationPlatforms) = postSolution
		{370F6DA1-AC20-4FFA-8509-F24CD20912E6}.Debug|Any CPU.ActiveCfg = Debug|Any CPU
		{370F6DA1-AC20-4FFA-8509-F24CD20912E6}.Debug|Any CPU.Build.0 = Debug|Any CPU
		{370F6DA1-AC20-4FFA-8509-F24CD20912E6}.Release|Any CPU.ActiveCfg = Release|Any CPU
		{370F6DA1-AC20-4FFA-8509-F24CD20912E6}.Release|Any CPU.Build.0 = Release|Any CPU
	EndGlobalSection
	GlobalSection(SolutionProperties) = preSolution
		HideSolutionNode = FALSE
	EndGlobalSection
EndGlobal
